Microsoft Visual Studio Solution File, Format Version 11.00
# Visual Studio 2008

Project("{7A880E1F-78D0-B484-07EB-6288502C34A8}") = "559Project", "Assembly-CSharp.csproj", "{F5194172-4BC9-4231-CB56-499832F8D184}"
EndProject
Global
	GlobalSection(SolutionConfigurationPlatforms) = preSolution
		Debug|Any CPU = Debug|Any CPU
		Release|Any CPU = Release|Any CPU
	EndGlobalSection
	GlobalSection(ProjectConfigurationPlatforms) = postSolution
		{F5194172-4BC9-4231-CB56-499832F8D184}.Debug|Any CPU.ActiveCfg = Debug|Any CPU
		{F5194172-4BC9-4231-CB56-499832F8D184}.Debug|Any CPU.Build.0 = Debug|Any CPU
		{F5194172-4BC9-4231-CB56-499832F8D184}.Release|Any CPU.ActiveCfg = Release|Any CPU
		{F5194172-4BC9-4231-CB56-499832F8D184}.Release|Any CPU.Build.0 = Release|Any CPU
	EndGlobalSection
	GlobalSection(SolutionProperties) = preSolution
		HideSolutionNode = FALSE
	EndGlobalSection
	GlobalSection(MonoDevelopProperties) = preSolution
		StartupItem = Assembly-CSharp.csproj
	EndGlobalSection
EndGlobal
